
Microsoft Visual Studio Solution File, Format Version 12.00
# Visual Studio Version 17
VisualStudioVersion = 17.7.34003.232
MinimumVisualStudioVersion = 10.0.40219.1
Project("{FAE04EC0-301F-11D3-BF4B-00C04F79EFBC}") = "DemoSecurityApp", "DemoSecurityApp\DemoSecurityApp.csproj", "{4627660E-7A60-4A3A-B04D-D7EC5C0E4E57}"
EndProject
Global
	GlobalSection(SolutionConfigurationPlatforms) = preSolution
		Debug|Any CPU = Debug|Any CPU
		Release|Any CPU = Release|Any CPU
	EndGlobalSection
	GlobalSection(ProjectConfigurationPlatforms) = postSolution
		{4627660E-7A60-4A3A-B04D-D7EC5C0E4E57}.Debug|Any CPU.ActiveCfg = Debug|Any CPU
		{4627660E-7A60-4A3A-B04D-D7EC5C0E4E57}.Debug|Any CPU.Build.0 = Debug|Any CPU
		{4627660E-7A60-4A3A-B04D-D7EC5C0E4E57}.Release|Any CPU.ActiveCfg = Release|Any CPU
		{4627660E-7A60-4A3A-B04D-D7EC5C0E4E57}.Release|Any CPU.Build.0 = Release|Any CPU
	EndGlobalSection
	GlobalSection(SolutionProperties) = preSolution
		HideSolutionNode = FALSE
	EndGlobalSection
	GlobalSection(ExtensibilityGlobals) = postSolution
		SolutionGuid = {6923F57A-6CA0-4321-9DD6-FB0E7434EA8E}
	EndGlobalSection
EndGlobal
